# This file is automatically @generated by Cargo.
# It is not intended for manual editing.
version = 4

[[package]]
name = "nanomiddleclick-core"
version = "0.1.0"

[[package]]
name = "nanomiddleclick-daemon"
version = "0.1.0"
dependencies = [
 "nanomiddleclick-core",
 "nanomiddleclick-platform",
]

[[package]]
name = "nanomiddleclick-platform"
version = "0.1.0"
dependencies = [
 "nanomiddleclick-core",
]
